<?xml version="1.0" encoding="utf-8"?>
<Project ToolsVersion="4.0" xmlns="http://schemas.microsoft.com/developer/msbuild/2003">
  <ItemGroup>
    <Filter Include="Source Files">
      <UniqueIdentifier>{8fee9b16-704f-4743-af06-24906bb36202}</UniqueIdentifier>
      <Extensions>cpp;c;cxx;rc;def;r;odl;idl;hpj;bat</Extensions>
    </Filter>
    <Filter Include="Header Files">
      <UniqueIdentifier>{c061b1ac-a961-47ed-9504-df26bd346a71}</UniqueIdentifier>
      <Extensions>h;hpp;hxx;hm;inl</Extensions>
    </Filter>
    <Filter Include="Resource Files">
      <UniqueIdentifier>{561fc2a8-a9d0-4bff-a1da-2a343e878d76}</UniqueIdentifier>
      <Extensions>ico;cur;bmp;dlg;rc2;rct;bin;rgs;gif;jpg;jpeg;jpe</Extensions>
    </Filter>
  </ItemGroup>
  <ItemGroup>
    <ClCompile Include="ChildFrm.cpp">
      <Filter>Source Files</Filter>
    </ClCompile>
    <ClCompile Include="DefineMaskDlg.cpp">
      <Filter>Source Files</Filter>
    </ClCompile>
    <ClCompile Include="demo.cpp">
      <Filter>Source Files</Filter>
    </ClCompile>
    <ClCompile Include="demoDoc.cpp">
      <Filter>Source Files</Filter>
    </ClCompile>
    <ClCompile Include="demoView.cpp">
      <Filter>Source Files</Filter>
    </ClCompile>
    <ClCompile Include="dibapi.cpp">
      <Filter>Source Files</Filter>
    </ClCompile>
    <ClCompile Include="GenLR.cpp">
      <Filter>Source Files</Filter>
    </ClCompile>
    <ClCompile Include="imgGrayTrans.cpp">
      <Filter>Source Files</Filter>
    </ClCompile>
    <ClCompile Include="linearStretch.cpp">
      <Filter>Source Files</Filter>
    </ClCompile>
    <ClCompile Include="MainFrm.cpp">
      <Filter>Source Files</Filter>
    </ClCompile>
    <ClCompile Include="MaskDlg.cpp">
      <Filter>Source Files</Filter>
    </ClCompile>
    <ClCompile Include="morphology.cpp">
      <Filter>Source Files</Filter>
    </ClCompile>
    <ClCompile Include="morphologyDlg.cpp">
      <Filter>Source Files</Filter>
    </ClCompile>
    <ClCompile Include="motionES.cpp">
      <Filter>Source Files</Filter>
    </ClCompile>
    <ClCompile Include="MutiOpenDocManager.cpp">
      <Filter>Source Files</Filter>
    </ClCompile>
    <ClCompile Include="myfile.cpp">
      <Filter>Source Files</Filter>
    </ClCompile>
    <ClCompile Include="noise.cpp">
      <Filter>Source Files</Filter>
    </ClCompile>
    <ClCompile Include="noiseDlg.cpp">
      <Filter>Source Files</Filter>
    </ClCompile>
    <ClCompile Include="POCS.CPP">
      <Filter>Source Files</Filter>
    </ClCompile>
    <ClCompile Include="RotateDlg.cpp">
      <Filter>Source Files</Filter>
    </ClCompile>
    <ClCompile Include="segment.cpp">
      <Filter>Source Files</Filter>
    </ClCompile>
    <ClCompile Include="shift.cpp">
      <Filter>Source Files</Filter>
    </ClCompile>
    <ClCompile Include="StdAfx.cpp">
      <Filter>Source Files</Filter>
    </ClCompile>
    <ClCompile Include="threshDlg.cpp">
      <Filter>Source Files</Filter>
    </ClCompile>
    <ClCompile Include="transform.cpp">
      <Filter>Source Files</Filter>
    </ClCompile>
    <ClCompile Include="ZoomTimesDlg.cpp">
      <Filter>Source Files</Filter>
    </ClCompile>
  </ItemGroup>
  <ItemGroup>
    <ResourceCompile Include="demo.rc">
      <Filter>Source Files</Filter>
    </ResourceCompile>
  </ItemGroup>
  <ItemGroup>
    <ClInclude Include="ChildFrm.h">
      <Filter>Header Files</Filter>
    </ClInclude>
    <ClInclude Include="DefineMaskDlg.h">
      <Filter>Header Files</Filter>
    </ClInclude>
    <ClInclude Include="demo.h">
      <Filter>Header Files</Filter>
    </ClInclude>
    <ClInclude Include="demoDoc.h">
      <Filter>Header Files</Filter>
    </ClInclude>
    <ClInclude Include="demoView.h">
      <Filter>Header Files</Filter>
    </ClInclude>
    <ClInclude Include="dibapi.h">
      <Filter>Header Files</Filter>
    </ClInclude>
    <ClInclude Include="GenLR.h">
      <Filter>Header Files</Filter>
    </ClInclude>
    <ClInclude Include="imgGrayTrans.h">
      <Filter>Header Files</Filter>
    </ClInclude>
    <ClInclude Include="linearStretch.h">
      <Filter>Header Files</Filter>
    </ClInclude>
    <ClInclude Include="MainFrm.h">
      <Filter>Header Files</Filter>
    </ClInclude>
    <ClInclude Include="MaskDlg.h">
      <Filter>Header Files</Filter>
    </ClInclude>
    <ClInclude Include="morphology.h">
      <Filter>Header Files</Filter>
    </ClInclude>
    <ClInclude Include="morphologyDlg.h">
      <Filter>Header Files</Filter>
    </ClInclude>
    <ClInclude Include="motionES.h">
      <Filter>Header Files</Filter>
    </ClInclude>
    <ClInclude Include="MutiOpenDocManager.h">
      <Filter>Header Files</Filter>
    </ClInclude>
    <ClInclude Include="noise.h">
      <Filter>Header Files</Filter>
    </ClInclude>
    <ClInclude Include="noiseDlg.h">
      <Filter>Header Files</Filter>
    </ClInclude>
    <ClInclude Include="POCS.h">
      <Filter>Header Files</Filter>
    </ClInclude>
    <ClInclude Include="Resource.h">
      <Filter>Header Files</Filter>
    </ClInclude>
    <ClInclude Include="RotateDlg.h">
      <Filter>Header Files</Filter>
    </ClInclude>
    <ClInclude Include="segment.h">
      <Filter>Header Files</Filter>
    </ClInclude>
    <ClInclude Include="shift.h">
      <Filter>Header Files</Filter>
    </ClInclude>
    <ClInclude Include="StdAfx.h">
      <Filter>Header Files</Filter>
    </ClInclude>
    <ClInclude Include="threshDlg.h">
      <Filter>Header Files</Filter>
    </ClInclude>
    <ClInclude Include="transform.h">
      <Filter>Header Files</Filter>
    </ClInclude>
    <ClInclude Include="ZoomTimesDlg.h">
      <Filter>Header Files</Filter>
    </ClInclude>
  </ItemGroup>
  <ItemGroup>
    <CustomBuild Include="res\demo.ico">
      <Filter>Resource Files</Filter>
    </CustomBuild>
    <CustomBuild Include="res\demo.rc2">
      <Filter>Resource Files</Filter>
    </CustomBuild>
    <CustomBuild Include="res\demoDoc.ico">
      <Filter>Resource Files</Filter>
    </CustomBuild>
    <CustomBuild Include="res\idr_main.ico">
      <Filter>Resource Files</Filter>
    </CustomBuild>
    <CustomBuild Include="res\Toolbar.bmp">
      <Filter>Resource Files</Filter>
    </CustomBuild>
    <CustomBuild Include="ReadMe.txt" />
  </ItemGroup>
</Project>